
Microsoft Visual Studio Solution File, Format Version 12.00
# Visual Studio Version 17
VisualStudioVersion = 17.13.35931.197
MinimumVisualStudioVersion = 10.0.40219.1
Project("{8BC9CEB8-8B4A-11D0-8D11-00A0C91BC942}") = "Functions", "Functions\Functions.vcxproj", "{35208997-CD98-4EF0-896B-E058E1261E47}"
EndProject
Project("{8BC9CEB8-8B4A-11D0-8D11-00A0C91BC942}") = "Function_1", "Function_1\Function_1.vcxproj", "{641DE950-E01E-4865-B478-C3A15E301271}"
EndProject
Global
	GlobalSection(SolutionConfigurationPlatforms) = preSolution
		Debug|x64 = Debug|x64
		Debug|x86 = Debug|x86
		Release|x64 = Release|x64
		Release|x86 = Release|x86
	EndGlobalSection
	GlobalSection(ProjectConfigurationPlatforms) = postSolution
		{35208997-CD98-4EF0-896B-E058E1261E47}.Debug|x64.ActiveCfg = Debug|x64
		{35208997-CD98-4EF0-896B-E058E1261E47}.Debug|x64.Build.0 = Debug|x64
		{35208997-CD98-4EF0-896B-E058E1261E47}.Debug|x86.ActiveCfg = Debug|Win32
		{35208997-CD98-4EF0-896B-E058E1261E47}.Debug|x86.Build.0 = Debug|Win32
		{35208997-CD98-4EF0-896B-E058E1261E47}.Release|x64.ActiveCfg = Release|x64
		{35208997-CD98-4EF0-896B-E058E1261E47}.Release|x64.Build.0 = Release|x64
		{35208997-CD98-4EF0-896B-E058E1261E47}.Release|x86.ActiveCfg = Release|Win32
		{35208997-CD98-4EF0-896B-E058E1261E47}.Release|x86.Build.0 = Release|Win32
		{641DE950-E01E-4865-B478-C3A15E301271}.Debug|x64.ActiveCfg = Debug|x64
		{641DE950-E01E-4865-B478-C3A15E301271}.Debug|x64.Build.0 = Debug|x64
		{641DE950-E01E-4865-B478-C3A15E301271}.Debug|x86.ActiveCfg = Debug|Win32
		{641DE950-E01E-4865-B478-C3A15E301271}.Debug|x86.Build.0 = Debug|Win32
		{641DE950-E01E-4865-B478-C3A15E301271}.Release|x64.ActiveCfg = Release|x64
		{641DE950-E01E-4865-B478-C3A15E301271}.Release|x64.Build.0 = Release|x64
		{641DE950-E01E-4865-B478-C3A15E301271}.Release|x86.ActiveCfg = Release|Win32
		{641DE950-E01E-4865-B478-C3A15E301271}.Release|x86.Build.0 = Release|Win32
	EndGlobalSection
	GlobalSection(SolutionProperties) = preSolution
		HideSolutionNode = FALSE
	EndGlobalSection
	GlobalSection(ExtensibilityGlobals) = postSolution
		SolutionGuid = {2A273D4C-FF7F-490D-8776-68966C9565AE}
	EndGlobalSection
EndGlobal
